
Microsoft Visual Studio Solution File, Format Version 12.00
# Visual Studio 2012
Project("{FAE04EC0-301F-11D3-BF4B-00C04F79EFBC}") = "MergeSort", "MergeSort\MergeSort.csproj", "{CD8A960B-3500-4E60-969A-BF06B3C174C0}"
EndProject
Global
	GlobalSection(SolutionConfigurationPlatforms) = preSolution
		Debug|Any CPU = Debug|Any CPU
		Release|Any CPU = Release|Any CPU
	EndGlobalSection
	GlobalSection(ProjectConfigurationPlatforms) = postSolution
		{CD8A960B-3500-4E60-969A-BF06B3C174C0}.Debug|Any CPU.ActiveCfg = Debug|Any CPU
		{CD8A960B-3500-4E60-969A-BF06B3C174C0}.Debug|Any CPU.Build.0 = Debug|Any CPU
		{CD8A960B-3500-4E60-969A-BF06B3C174C0}.Release|Any CPU.ActiveCfg = Release|Any CPU
		{CD8A960B-3500-4E60-969A-BF06B3C174C0}.Release|Any CPU.Build.0 = Release|Any CPU
	EndGlobalSection
	GlobalSection(SolutionProperties) = preSolution
		HideSolutionNode = FALSE
	EndGlobalSection
EndGlobal
